
Microsoft Visual Studio Solution File, Format Version 12.00
# Visual Studio 15
VisualStudioVersion = 15.0.28307.136
MinimumVisualStudioVersion = 10.0.40219.1
Project("{FAE04EC0-301F-11D3-BF4B-00C04F79EFBC}") = "PageLoadingOverlay.Server", "PageLoadingOverlay.Server\PageLoadingOverlay.Server.csproj", "{012B1A38-1748-4C99-AFA8-A2FEA965036D}"
EndProject
Project("{FAE04EC0-301F-11D3-BF4B-00C04F79EFBC}") = "PageLoadingOverlay.App", "PageLoadingOverlay.App\PageLoadingOverlay.App.csproj", "{8B9AEF6E-6339-4ADE-90E0-93F82350A3DF}"
EndProject
Global
	GlobalSection(SolutionConfigurationPlatforms) = preSolution
		Debug|Any CPU = Debug|Any CPU
		Release|Any CPU = Release|Any CPU
	EndGlobalSection
	GlobalSection(ProjectConfigurationPlatforms) = postSolution
		{012B1A38-1748-4C99-AFA8-A2FEA965036D}.Debug|Any CPU.ActiveCfg = Debug|Any CPU
		{012B1A38-1748-4C99-AFA8-A2FEA965036D}.Debug|Any CPU.Build.0 = Debug|Any CPU
		{012B1A38-1748-4C99-AFA8-A2FEA965036D}.Release|Any CPU.ActiveCfg = Release|Any CPU
		{012B1A38-1748-4C99-AFA8-A2FEA965036D}.Release|Any CPU.Build.0 = Release|Any CPU
		{8B9AEF6E-6339-4ADE-90E0-93F82350A3DF}.Debug|Any CPU.ActiveCfg = Debug|Any CPU
		{8B9AEF6E-6339-4ADE-90E0-93F82350A3DF}.Debug|Any CPU.Build.0 = Debug|Any CPU
		{8B9AEF6E-6339-4ADE-90E0-93F82350A3DF}.Release|Any CPU.ActiveCfg = Release|Any CPU
		{8B9AEF6E-6339-4ADE-90E0-93F82350A3DF}.Release|Any CPU.Build.0 = Release|Any CPU
	EndGlobalSection
	GlobalSection(SolutionProperties) = preSolution
		HideSolutionNode = FALSE
	EndGlobalSection
	GlobalSection(ExtensibilityGlobals) = postSolution
		SolutionGuid = {57D65E67-1875-442B-B5E5-9B0065668C7B}
	EndGlobalSection
EndGlobal
